// !$*UTF8*$!
{
	archiveVersion = 1;
	classes = {
	};
	objectVersion = 51;
	objects = {

/* Begin PBXBuildFile section */
		6B27C3C923EF0AE800C7EA95 /* AppDelegate.swift in Sources */ = {isa = PBXBuildFile; fileRef = 6B27C3C823EF0AE800C7EA95 /* AppDelegate.swift */; };
		6B27C3CB23EF0AE800C7EA95 /* SceneDelegate.swift in Sources */ = {isa = PBXBuildFile; fileRef = 6B27C3CA23EF0AE800C7EA95 /* SceneDelegate.swift */; };
		6B27C3CD23EF0AE800C7EA95 /* PhotosViewController.swift in Sources */ = {isa = PBXBuildFile; fileRef = 6B27C3CC23EF0AE800C7EA95 /* PhotosViewController.swift */; };
		6B27C3D023EF0AE800C7EA95 /* Main.storyboard in Resources */ = {isa = PBXBuildFile; fileRef = 6B27C3CE23EF0AE800C7EA95 /* Main.storyboard */; };
		6B27C3D223EF0AED00C7EA95 /* Assets.xcassets in Resources */ = {isa = PBXBuildFile; fileRef = 6B27C3D123EF0AED00C7EA95 /* Assets.xcassets */; };
		6B27C3D523EF0AED00C7EA95 /* LaunchScreen.storyboard in Resources */ = {isa = PBXBuildFile; fileRef = 6B27C3D323EF0AED00C7EA95 /* LaunchScreen.storyboard */; };
		6B57DBBA23EF0F7200D9F31B /* Pods_uran.framework in Frameworks */ = {isa = PBXBuildFile; fileRef = DC4F979DFF2E98684E57F355 /* Pods_uran.framework */; };
		6B57DBBB23EF0F7200D9F31B /* Pods_uran.framework in Embed Frameworks */ = {isa = PBXBuildFile; fileRef = DC4F979DFF2E98684E57F355 /* Pods_uran.framework */; settings = {ATTRIBUTES = (CodeSignOnCopy, RemoveHeadersOnCopy, ); }; };
		6B57DBBE23EF13A800D9F31B /* NetworkService.swift in Sources */ = {isa = PBXBuildFile; fileRef = 6B57DBBD23EF13A800D9F31B /* NetworkService.swift */; };
		6B68218F23EF1C180073D92B /* NetworkDataFetcher.swift in Sources */ = {isa = PBXBuildFile; fileRef = 6B68218E23EF1C180073D92B /* NetworkDataFetcher.swift */; };
		6B68219123EF1C880073D92B /* SearchResultsModel.swift in Sources */ = {isa = PBXBuildFile; fileRef = 6B68219023EF1C880073D92B /* SearchResultsModel.swift */; };
/* End PBXBuildFile section */

/* Begin PBXCopyFilesBuildPhase section */
		6B57DBBC23EF0F7200D9F31B /* Embed Frameworks */ = {
			isa = PBXCopyFilesBuildPhase;
			buildActionMask = 2147483647;
			dstPath = "";
			dstSubfolderSpec = 10;
			files = (
				6B57DBBB23EF0F7200D9F31B /* Pods_uran.framework in Embed Frameworks */,
			);
			name = "Embed Frameworks";
			runOnlyForDeploymentPostprocessing = 0;
		};
/* End PBXCopyFilesBuildPhase section */

/* Begin PBXFileReference section */
		6B27C3C523EF0AE800C7EA95 /* uran.app */ = {isa = PBXFileReference; explicitFileType = wrapper.application; includeInIndex = 0; path = uran.app; sourceTree = BUILT_PRODUCTS_DIR; };
		6B27C3C823EF0AE800C7EA95 /* AppDelegate.swift */ = {isa = PBXFileReference; lastKnownFileType = sourcecode.swift; path = AppDelegate.swift; sourceTree = "<group>"; };
		6B27C3CA23EF0AE800C7EA95 /* SceneDelegate.swift */ = {isa = PBXFileReference; lastKnownFileType = sourcecode.swift; path = SceneDelegate.swift; sourceTree = "<group>"; };
		6B27C3CC23EF0AE800C7EA95 /* PhotosViewController.swift */ = {isa = PBXFileReference; lastKnownFileType = sourcecode.swift; path = PhotosViewController.swift; sourceTree = "<group>"; };
		6B27C3CF23EF0AE800C7EA95 /* Base */ = {isa = PBXFileReference; lastKnownFileType = file.storyboard; name = Base; path = Base.lproj/Main.storyboard; sourceTree = "<group>"; };
		6B27C3D123EF0AED00C7EA95 /* Assets.xcassets */ = {isa = PBXFileReference; lastKnownFileType = folder.assetcatalog; path = Assets.xcassets; sourceTree = "<group>"; };
		6B27C3D423EF0AED00C7EA95 /* Base */ = {isa = PBXFileReference; lastKnownFileType = file.storyboard; name = Base; path = Base.lproj/LaunchScreen.storyboard; sourceTree = "<group>"; };
		6B27C3D623EF0AED00C7EA95 /* Info.plist */ = {isa = PBXFileReference; lastKnownFileType = text.plist.xml; path = Info.plist; sourceTree = "<group>"; };
		6B57DBBD23EF13A800D9F31B /* NetworkService.swift */ = {isa = PBXFileReference; lastKnownFileType = sourcecode.swift; path = NetworkService.swift; sourceTree = "<group>"; };
		6B68218E23EF1C180073D92B /* NetworkDataFetcher.swift */ = {isa = PBXFileReference; lastKnownFileType = sourcecode.swift; path = NetworkDataFetcher.swift; sourceTree = "<group>"; };
		6B68219023EF1C880073D92B /* SearchResultsModel.swift */ = {isa = PBXFileReference; lastKnownFileType = sourcecode.swift; path = SearchResultsModel.swift; sourceTree = "<group>"; };
		8D9D48F999F24D439CBB133D /* Pods-uran.debug.xcconfig */ = {isa = PBXFileReference; includeInIndex = 1; lastKnownFileType = text.xcconfig; name = "Pods-uran.debug.xcconfig"; path = "Target Support Files/Pods-uran/Pods-uran.debug.xcconfig"; sourceTree = "<group>"; };
		A8817C0B5E2A5846BEAD3A90 /* Pods-uran.release.xcconfig */ = {isa = PBXFileReference; includeInIndex = 1; lastKnownFileType = text.xcconfig; name = "Pods-uran.release.xcconfig"; path = "Target Support Files/Pods-uran/Pods-uran.release.xcconfig"; sourceTree = "<group>"; };
		DC4F979DFF2E98684E57F355 /* Pods_uran.framework */ = {isa = PBXFileReference; explicitFileType = wrapper.framework; includeInIndex = 0; path = Pods_uran.framework; sourceTree = BUILT_PRODUCTS_DIR; };
/* End PBXFileReference section */

/* Begin PBXFrameworksBuildPhase section */
		6B27C3C223EF0AE800C7EA95 /* Frameworks */ = {
			isa = PBXFrameworksBuildPhase;
			buildActionMask = 2147483647;
			files = (
				6B57DBBA23EF0F7200D9F31B /* Pods_uran.framework in Frameworks */,
			);
			runOnlyForDeploymentPostprocessing = 0;
		};
/* End PBXFrameworksBuildPhase section */

/* Begin PBXGroup section */
		25B8C80BD4259395AEAE0638 /* Pods */ = {
			isa = PBXGroup;
			children = (
				8D9D48F999F24D439CBB133D /* Pods-uran.debug.xcconfig */,
				A8817C0B5E2A5846BEAD3A90 /* Pods-uran.release.xcconfig */,
			);
			path = Pods;
			sourceTree = "<group>";
		};
		6B27C3BC23EF0AE800C7EA95 = {
			isa = PBXGroup;
			children = (
				6B27C3C723EF0AE800C7EA95 /* uran */,
				6B27C3C623EF0AE800C7EA95 /* Products */,
				25B8C80BD4259395AEAE0638 /* Pods */,
				BC996DE4A8AA77D208F3839F /* Frameworks */,
			);
			sourceTree = "<group>";
		};
		6B27C3C623EF0AE800C7EA95 /* Products */ = {
			isa = PBXGroup;
			children = (
				6B27C3C523EF0AE800C7EA95 /* uran.app */,
			);
			name = Products;
			sourceTree = "<group>";
		};
		6B27C3C723EF0AE800C7EA95 /* uran */ = {
			isa = PBXGroup;
			children = (
				6B27C3C823EF0AE800C7EA95 /* AppDelegate.swift */,
				6B27C3CA23EF0AE800C7EA95 /* SceneDelegate.swift */,
				6B27C3CC23EF0AE800C7EA95 /* PhotosViewController.swift */,
				6B68219223EF1C990073D92B /* Model */,
				6B57DBBF23EF16FB00D9F31B /* ApiService */,
				6B27C3CE23EF0AE800C7EA95 /* Main.storyboard */,
				6B27C3D123EF0AED00C7EA95 /* Assets.xcassets */,
				6B27C3D323EF0AED00C7EA95 /* LaunchScreen.storyboard */,
				6B27C3D623EF0AED00C7EA95 /* Info.plist */,
			);
			path = uran;
			sourceTree = "<group>";
		};
		6B57DBBF23EF16FB00D9F31B /* ApiService */ = {
			isa = PBXGroup;
			children = (
				6B57DBBD23EF13A800D9F31B /* NetworkService.swift */,
				6B68218E23EF1C180073D92B /* NetworkDataFetcher.swift */,
			);
			path = ApiService;
			sourceTree = "<group>";
		};
		6B68219223EF1C990073D92B /* Model */ = {
			isa = PBXGroup;
			children = (
				6B68219023EF1C880073D92B /* SearchResultsModel.swift */,
			);
			path = Model;
			sourceTree = "<group>";
		};
		BC996DE4A8AA77D208F3839F /* Frameworks */ = {
			isa = PBXGroup;
			children = (
				DC4F979DFF2E98684E57F355 /* Pods_uran.framework */,
			);
			name = Frameworks;
			sourceTree = "<group>";
		};
/* End PBXGroup section */

/* Begin PBXNativeTarget section */
		6B27C3C423EF0AE800C7EA95 /* uran */ = {
			isa = PBXNativeTarget;
			buildConfigurationList = 6B27C3D923EF0AED00C7EA95 /* Build configuration list for PBXNativeTarget "uran" */;
			buildPhases = (
				834072149C68894C5AA50084 /* [CP] Check Pods Manifest.lock */,
				6B27C3C123EF0AE800C7EA95 /* Sources */,
				6B27C3C223EF0AE800C7EA95 /* Frameworks */,
				6B27C3C323EF0AE800C7EA95 /* Resources */,
				3A1CF32340643D169B709201 /* [CP] Embed Pods Frameworks */,
				6B57DBBC23EF0F7200D9F31B /* Embed Frameworks */,
			);
			buildRules = (
			);
			dependencies = (
			);
			name = uran;
			productName = uran;
			productReference = 6B27C3C523EF0AE800C7EA95 /* uran.app */;
			productType = "com.apple.product-type.application";
		};
/* End PBXNativeTarget section */

/* Begin PBXProject section */
		6B27C3BD23EF0AE800C7EA95 /* Project object */ = {
			isa = PBXProject;
			attributes = {
				LastSwiftUpdateCheck = 1130;
				LastUpgradeCheck = 1130;
				ORGANIZATIONNAME = "Next Level";
				TargetAttributes = {
					6B27C3C423EF0AE800C7EA95 = {
						CreatedOnToolsVersion = 11.3.1;
					};
				};
			};
			buildConfigurationList = 6B27C3C023EF0AE800C7EA95 /* Build configuration list for PBXProject "uran" */;
			compatibilityVersion = "Xcode 9.3";
			developmentRegion = en;
			hasScannedForEncodings = 0;
			knownRegions = (
				en,
				Base,
			);
			mainGroup = 6B27C3BC23EF0AE800C7EA95;
			productRefGroup = 6B27C3C623EF0AE800C7EA95 /* Products */;
			projectDirPath = "";
			projectRoot = "";
			targets = (
				6B27C3C423EF0AE800C7EA95 /* uran */,
			);
		};
/* End PBXProject section */

/* Begin PBXResourcesBuildPhase section */
		6B27C3C323EF0AE800C7EA95 /* Resources */ = {
			isa = PBXResourcesBuildPhase;
			buildActionMask = 2147483647;
			files = (
				6B27C3D523EF0AED00C7EA95 /* LaunchScreen.storyboard in Resources */,
				6B27C3D223EF0AED00C7EA95 /* Assets.xcassets in Resources */,
				6B27C3D023EF0AE800C7EA95 /* Main.storyboard in Resources */,
			);
			runOnlyForDeploymentPostprocessing = 0;
		};
/* End PBXResourcesBuildPhase section */

/* Begin PBXShellScriptBuildPhase section */
		3A1CF32340643D169B709201 /* [CP] Embed Pods Frameworks */ = {
			isa = PBXShellScriptBuildPhase;
			buildActionMask = 2147483647;
			files = (
			);
			inputFileListPaths = (
				"${PODS_ROOT}/Target Support Files/Pods-uran/Pods-uran-frameworks-${CONFIGURATION}-input-files.xcfilelist",
			);
			name = "[CP] Embed Pods Frameworks";
			outputFileListPaths = (
				"${PODS_ROOT}/Target Support Files/Pods-uran/Pods-uran-frameworks-${CONFIGURATION}-output-files.xcfilelist",
			);
			runOnlyForDeploymentPostprocessing = 0;
			shellPath = /bin/sh;
			shellScript = "\"${PODS_ROOT}/Target Support Files/Pods-uran/Pods-uran-frameworks.sh\"\n";
			showEnvVarsInLog = 0;
		};
		834072149C68894C5AA50084 /* [CP] Check Pods Manifest.lock */ = {
			isa = PBXShellScriptBuildPhase;
			buildActionMask = 2147483647;
			files = (
			);
			inputFileListPaths = (
			);
			inputPaths = (
				"${PODS_PODFILE_DIR_PATH}/Podfile.lock",
				"${PODS_ROOT}/Manifest.lock",
			);
			name = "[CP] Check Pods Manifest.lock";
			outputFileListPaths = (
			);
			outputPaths = (
				"$(DERIVED_FILE_DIR)/Pods-uran-checkManifestLockResult.txt",
			);
			runOnlyForDeploymentPostprocessing = 0;
			shellPath = /bin/sh;
			shellScript = "diff \"${PODS_PODFILE_DIR_PATH}/Podfile.lock\" \"${PODS_ROOT}/Manifest.lock\" > /dev/null\nif [ $? != 0 ] ; then\n    # print error to STDERR\n    echo \"error: The sandbox is not in sync with the Podfile.lock. Run 'pod install' or update your CocoaPods installation.\" >&2\n    exit 1\nfi\n# This output is used by Xcode 'outputs' to avoid re-running this script phase.\necho \"SUCCESS\" > \"${SCRIPT_OUTPUT_FILE_0}\"\n";
			showEnvVarsInLog = 0;
		};
/* End PBXShellScriptBuildPhase section */

/* Begin PBXSourcesBuildPhase section */
		6B27C3C123EF0AE800C7EA95 /* Sources */ = {
			isa = PBXSourcesBuildPhase;
			buildActionMask = 2147483647;
			files = (
				6B27C3CD23EF0AE800C7EA95 /* PhotosViewController.swift in Sources */,
				6B27C3C923EF0AE800C7EA95 /* AppDelegate.swift in Sources */,
				6B68219123EF1C880073D92B /* SearchResultsModel.swift in Sources */,
				6B57DBBE23EF13A800D9F31B /* NetworkService.swift in Sources */,
				6B27C3CB23EF0AE800C7EA95 /* SceneDelegate.swift in Sources */,
				6B68218F23EF1C180073D92B /* NetworkDataFetcher.swift in Sources */,
			);
			runOnlyForDeploymentPostprocessing = 0;
		};
/* End PBXSourcesBuildPhase section */

/* Begin PBXVariantGroup section */
		6B27C3CE23EF0AE800C7EA95 /* Main.storyboard */ = {
			isa = PBXVariantGroup;
			children = (
				6B27C3CF23EF0AE800C7EA95 /* Base */,
			);
			name = Main.storyboard;
			sourceTree = "<group>";
		};
		6B27C3D323EF0AED00C7EA95 /* LaunchScreen.storyboard */ = {
			isa = PBXVariantGroup;
			children = (
				6B27C3D423EF0AED00C7EA95 /* Base */,
			);
			name = LaunchScreen.storyboard;
			sourceTree = "<group>";
		};
/* End PBXVariantGroup section */

/* Begin XCBuildConfiguration section */
		6B27C3D723EF0AED00C7EA95 /* Debug */ = {
			isa = XCBuildConfiguration;
			buildSettings = {
				ALWAYS_SEARCH_USER_PATHS = NO;
				CLANG_ANALYZER_NONNULL = YES;
				CLANG_ANALYZER_NUMBER_OBJECT_CONVERSION = YES_AGGRESSIVE;
				CLANG_CXX_LANGUAGE_STANDARD = "gnu++14";
				CLANG_CXX_LIBRARY = "libc++";
				CLANG_ENABLE_MODULES = YES;
				CLANG_ENABLE_OBJC_ARC = YES;
				CLANG_ENABLE_OBJC_WEAK = YES;
				CLANG_WARN_BLOCK_CAPTURE_AUTORELEASING = YES;
				CLANG_WARN_BOOL_CONVERSION = YES;
				CLANG_WARN_COMMA = YES;
				CLANG_WARN_CONSTANT_CONVERSION = YES;
				CLANG_WARN_DEPRECATED_OBJC_IMPLEMENTATIONS = YES;
				CLANG_WARN_DIRECT_OBJC_ISA_USAGE = YES_ERROR;
				CLANG_WARN_DOCUMENTATION_COMMENTS = YES;
				CLANG_WARN_EMPTY_BODY = YES;
				CLANG_WARN_ENUM_CONVERSION = YES;
				CLANG_WARN_INFINITE_RECURSION = YES;
				CLANG_WARN_INT_CONVERSION = YES;
				CLANG_WARN_NON_LITERAL_NULL_CONVERSION = YES;
				CLANG_WARN_OBJC_IMPLICIT_RETAIN_SELF = YES;
				CLANG_WARN_OBJC_LITERAL_CONVERSION = YES;
				CLANG_WARN_OBJC_ROOT_CLASS = YES_ERROR;
				CLANG_WARN_RANGE_LOOP_ANALYSIS = YES;
				CLANG_WARN_STRICT_PROTOTYPES = YES;
				CLANG_WARN_SUSPICIOUS_MOVE = YES;
				CLANG_WARN_UNGUARDED_AVAILABILITY = YES_AGGRESSIVE;
				CLANG_WARN_UNREACHABLE_CODE = YES;
				CLANG_WARN__DUPLICATE_METHOD_MATCH = YES;
				COPY_PHASE_STRIP = NO;
				DEBUG_INFORMATION_FORMAT = dwarf;
				ENABLE_STRICT_OBJC_MSGSEND = YES;
				ENABLE_TESTABILITY = YES;
				GCC_C_LANGUAGE_STANDARD = gnu11;
				GCC_DYNAMIC_NO_PIC = NO;
				GCC_NO_COMMON_BLOCKS = YES;
				GCC_OPTIMIZATION_LEVEL = 0;
				GCC_PREPROCESSOR_DEFINITIONS = (
					"DEBUG=1",
					"$(inherited)",
				);
				GCC_WARN_64_TO_32_BIT_CONVERSION = YES;
				GCC_WARN_ABOUT_RETURN_TYPE = YES_ERROR;
				GCC_WARN_UNDECLARED_SELECTOR = YES;
				GCC_WARN_UNINITIALIZED_AUTOS = YES_AGGRESSIVE;
				GCC_WARN_UNUSED_FUNCTION = YES;
				GCC_WARN_UNUSED_VARIABLE = YES;
				IPHONEOS_DEPLOYMENT_TARGET = 13.2;
				MTL_ENABLE_DEBUG_INFO = INCLUDE_SOURCE;
				MTL_FAST_MATH = YES;
				ONLY_ACTIVE_ARCH = YES;
				SDKROOT = iphoneos;
				SWIFT_ACTIVE_COMPILATION_CONDITIONS = DEBUG;
				SWIFT_OPTIMIZATION_LEVEL = "-Onone";
			};
			name = Debug;
		};
		6B27C3D823EF0AED00C7EA95 /* Release */ = {
			isa = XCBuildConfiguration;
			buildSettings = {
				ALWAYS_SEARCH_USER_PATHS = NO;
				CLANG_ANALYZER_NONNULL = YES;
				CLANG_ANALYZER_NUMBER_OBJECT_CONVERSION = YES_AGGRESSIVE;
				CLANG_CXX_LANGUAGE_STANDARD = "gnu++14";
				CLANG_CXX_LIBRARY = "libc++";
				CLANG_ENABLE_MODULES = YES;
				CLANG_ENABLE_OBJC_ARC = YES;
				CLANG_ENABLE_OBJC_WEAK = YES;
				CLANG_WARN_BLOCK_CAPTURE_AUTORELEASING = YES;
				CLANG_WARN_BOOL_CONVERSION = YES;
				CLANG_WARN_COMMA = YES;
				CLANG_WARN_CONSTANT_CONVERSION = YES;
				CLANG_WARN_DEPRECATED_OBJC_IMPLEMENTATIONS = YES;
				CLANG_WARN_DIRECT_OBJC_ISA_USAGE = YES_ERROR;
				CLANG_WARN_DOCUMENTATION_COMMENTS = YES;
				CLANG_WARN_EMPTY_BODY = YES;
				CLANG_WARN_ENUM_CONVERSION = YES;
				CLANG_WARN_INFINITE_RECURSION = YES;
				CLANG_WARN_INT_CONVERSION = YES;
				CLANG_WARN_NON_LITERAL_NULL_CONVERSION = YES;
				CLANG_WARN_OBJC_IMPLICIT_RETAIN_SELF = YES;
				CLANG_WARN_OBJC_LITERAL_CONVERSION = YES;
				CLANG_WARN_OBJC_ROOT_CLASS = YES_ERROR;
				CLANG_WARN_RANGE_LOOP_ANALYSIS = YES;
				CLANG_WARN_STRICT_PROTOTYPES = YES;
				CLANG_WARN_SUSPICIOUS_MOVE = YES;
				CLANG_WARN_UNGUARDED_AVAILABILITY = YES_AGGRESSIVE;
				CLANG_WARN_UNREACHABLE_CODE = YES;
				CLANG_WARN__DUPLICATE_METHOD_MATCH = YES;
				COPY_PHASE_STRIP = NO;
				DEBUG_INFORMATION_FORMAT = "dwarf-with-dsym";
				ENABLE_NS_ASSERTIONS = NO;
				ENABLE_STRICT_OBJC_MSGSEND = YES;
				GCC_C_LANGUAGE_STANDARD = gnu11;
				GCC_NO_COMMON_BLOCKS = YES;
				GCC_WARN_64_TO_32_BIT_CONVERSION = YES;
				GCC_WARN_ABOUT_RETURN_TYPE = YES_ERROR;
				GCC_WARN_UNDECLARED_SELECTOR = YES;
				GCC_WARN_UNINITIALIZED_AUTOS = YES_AGGRESSIVE;
				GCC_WARN_UNUSED_FUNCTION = YES;
				GCC_WARN_UNUSED_VARIABLE = YES;
				IPHONEOS_DEPLOYMENT_TARGET = 13.2;
				MTL_ENABLE_DEBUG_INFO = NO;
				MTL_FAST_MATH = YES;
				SDKROOT = iphoneos;
				SWIFT_COMPILATION_MODE = wholemodule;
				SWIFT_OPTIMIZATION_LEVEL = "-O";
				VALIDATE_PRODUCT = YES;
			};
			name = Release;
		};
		6B27C3DA23EF0AED00C7EA95 /* Debug */ = {
			isa = XCBuildConfiguration;
			baseConfigurationReference = 8D9D48F999F24D439CBB133D /* Pods-uran.debug.xcconfig */;
			buildSettings = {
				ASSETCATALOG_COMPILER_APPICON_NAME = AppIcon;
				CODE_SIGN_STYLE = Automatic;
				DEVELOPMENT_TEAM = CKBNF3UH37;
				INFOPLIST_FILE = uran/Info.plist;
				LD_RUNPATH_SEARCH_PATHS = (
					"$(inherited)",
					"@executable_path/Frameworks",
				);
				PRODUCT_BUNDLE_IDENTIFIER = Next.level.uran;
				PRODUCT_NAME = "$(TARGET_NAME)";
				SWIFT_VERSION = 5.0;
				TARGETED_DEVICE_FAMILY = "1,2";
			};
			name = Debug;
		};
		6B27C3DB23EF0AED00C7EA95 /* Release */ = {
			isa = XCBuildConfiguration;
			baseConfigurationReference = A8817C0B5E2A5846BEAD3A90 /* Pods-uran.release.xcconfig */;
			buildSettings = {
				ASSETCATALOG_COMPILER_APPICON_NAME = AppIcon;
				CODE_SIGN_STYLE = Automatic;
				DEVELOPMENT_TEAM = CKBNF3UH37;
				INFOPLIST_FILE = uran/Info.plist;
				LD_RUNPATH_SEARCH_PATHS = (
					"$(inherited)",
					"@executable_path/Frameworks",
				);
				PRODUCT_BUNDLE_IDENTIFIER = Next.level.uran;
				PRODUCT_NAME = "$(TARGET_NAME)";
				SWIFT_VERSION = 5.0;
				TARGETED_DEVICE_FAMILY = "1,2";
			};
			name = Release;
		};
/* End XCBuildConfiguration section */

/* Begin XCConfigurationList section */
		6B27C3C023EF0AE800C7EA95 /* Build configuration list for PBXProject "uran" */ = {
			isa = XCConfigurationList;
			buildConfigurations = (
				6B27C3D723EF0AED00C7EA95 /* Debug */,
				6B27C3D823EF0AED00C7EA95 /* Release */,
			);
			defaultConfigurationIsVisible = 0;
			defaultConfigurationName = Release;
		};
		6B27C3D923EF0AED00C7EA95 /* Build configuration list for PBXNativeTarget "uran" */ = {
			isa = XCConfigurationList;
			buildConfigurations = (
				6B27C3DA23EF0AED00C7EA95 /* Debug */,
				6B27C3DB23EF0AED00C7EA95 /* Release */,
			);
			defaultConfigurationIsVisible = 0;
			defaultConfigurationName = Release;
		};
/* End XCConfigurationList section */
	};
	rootObject = 6B27C3BD23EF0AE800C7EA95 /* Project object */;
}
